
Microsoft Visual Studio Solution File, Format Version 12.00
# Visual Studio Version 17
VisualStudioVersion = 17.4.33122.133
MinimumVisualStudioVersion = 10.0.40219.1
Project("{9A19103F-16F7-4668-BE54-9A1E7A4F7556}") = "VeterinariaMVC", "VeterinariaMVC\VeterinariaMVC.csproj", "{2D514DDB-3BFF-4F63-BAA7-CF99AD87D097}"
EndProject
Project("{FAE04EC0-301F-11D3-BF4B-00C04F79EFBC}") = "VeterinariaAPI", "VeterinariaAPI\VeterinariaAPI.csproj", "{E26C085E-37A1-4A82-B42A-07F1E892A8D4}"
EndProject
Project("{FAE04EC0-301F-11D3-BF4B-00C04F79EFBC}") = "Veterinaria.Model", "Veterinaria.Model\Veterinaria.Model.csproj", "{5A04024E-004D-4C9C-909A-6446E2536ACC}"
EndProject
Global
	GlobalSection(SolutionConfigurationPlatforms) = preSolution
		Debug|Any CPU = Debug|Any CPU
		Release|Any CPU = Release|Any CPU
	EndGlobalSection
	GlobalSection(ProjectConfigurationPlatforms) = postSolution
		{2D514DDB-3BFF-4F63-BAA7-CF99AD87D097}.Debug|Any CPU.ActiveCfg = Debug|Any CPU
		{2D514DDB-3BFF-4F63-BAA7-CF99AD87D097}.Debug|Any CPU.Build.0 = Debug|Any CPU
		{2D514DDB-3BFF-4F63-BAA7-CF99AD87D097}.Release|Any CPU.ActiveCfg = Release|Any CPU
		{2D514DDB-3BFF-4F63-BAA7-CF99AD87D097}.Release|Any CPU.Build.0 = Release|Any CPU
		{E26C085E-37A1-4A82-B42A-07F1E892A8D4}.Debug|Any CPU.ActiveCfg = Debug|Any CPU
		{E26C085E-37A1-4A82-B42A-07F1E892A8D4}.Debug|Any CPU.Build.0 = Debug|Any CPU
		{E26C085E-37A1-4A82-B42A-07F1E892A8D4}.Release|Any CPU.ActiveCfg = Release|Any CPU
		{E26C085E-37A1-4A82-B42A-07F1E892A8D4}.Release|Any CPU.Build.0 = Release|Any CPU
		{5A04024E-004D-4C9C-909A-6446E2536ACC}.Debug|Any CPU.ActiveCfg = Debug|Any CPU
		{5A04024E-004D-4C9C-909A-6446E2536ACC}.Debug|Any CPU.Build.0 = Debug|Any CPU
		{5A04024E-004D-4C9C-909A-6446E2536ACC}.Release|Any CPU.ActiveCfg = Release|Any CPU
		{5A04024E-004D-4C9C-909A-6446E2536ACC}.Release|Any CPU.Build.0 = Release|Any CPU
	EndGlobalSection
	GlobalSection(SolutionProperties) = preSolution
		HideSolutionNode = FALSE
	EndGlobalSection
	GlobalSection(ExtensibilityGlobals) = postSolution
		SolutionGuid = {8C298807-8E3A-495D-8DC1-B5F3A9669FFF}
	EndGlobalSection
EndGlobal
